
Microsoft Visual Studio Solution File, Format Version 12.00
# Visual Studio 2012
Project("{FAE04EC0-301F-11D3-BF4B-00C04F79EFBC}") = "ToolbarImage", "ToolbarImage.csproj", "{40FBB59C-42FD-4C93-8D61-790087FE9F47}"
EndProject
Project("{FAE04EC0-301F-11D3-BF4B-00C04F79EFBC}") = "ToolbarImage.iOS", "iOS\ToolbarImage.iOS.csproj", "{E1A471B5-8DD6-4104-A35D-7E2FDA62CDF6}"
EndProject
Project("{FAE04EC0-301F-11D3-BF4B-00C04F79EFBC}") = "ToolbarImage.Droid", "Droid\ToolbarImage.Droid.csproj", "{0A833913-F4E0-414B-8653-80761BF50CAB}"
EndProject
Global
	GlobalSection(SolutionConfigurationPlatforms) = preSolution
		Debug|Any CPU = Debug|Any CPU
		Release|Any CPU = Release|Any CPU
		Debug|iPhoneSimulator = Debug|iPhoneSimulator
		Release|iPhone = Release|iPhone
		Release|iPhoneSimulator = Release|iPhoneSimulator
		Debug|iPhone = Debug|iPhone
	EndGlobalSection
	GlobalSection(ProjectConfigurationPlatforms) = postSolution
		{40FBB59C-42FD-4C93-8D61-790087FE9F47}.Debug|Any CPU.ActiveCfg = Debug|Any CPU
		{40FBB59C-42FD-4C93-8D61-790087FE9F47}.Debug|Any CPU.Build.0 = Debug|Any CPU
		{40FBB59C-42FD-4C93-8D61-790087FE9F47}.Release|Any CPU.ActiveCfg = Release|Any CPU
		{40FBB59C-42FD-4C93-8D61-790087FE9F47}.Release|Any CPU.Build.0 = Release|Any CPU
		{40FBB59C-42FD-4C93-8D61-790087FE9F47}.Debug|iPhoneSimulator.ActiveCfg = Debug|Any CPU
		{40FBB59C-42FD-4C93-8D61-790087FE9F47}.Debug|iPhoneSimulator.Build.0 = Debug|Any CPU
		{40FBB59C-42FD-4C93-8D61-790087FE9F47}.Release|iPhone.ActiveCfg = Release|Any CPU
		{40FBB59C-42FD-4C93-8D61-790087FE9F47}.Release|iPhone.Build.0 = Release|Any CPU
		{40FBB59C-42FD-4C93-8D61-790087FE9F47}.Release|iPhoneSimulator.ActiveCfg = Release|Any CPU
		{40FBB59C-42FD-4C93-8D61-790087FE9F47}.Release|iPhoneSimulator.Build.0 = Release|Any CPU
		{40FBB59C-42FD-4C93-8D61-790087FE9F47}.Debug|iPhone.ActiveCfg = Debug|Any CPU
		{40FBB59C-42FD-4C93-8D61-790087FE9F47}.Debug|iPhone.Build.0 = Debug|Any CPU
		{E1A471B5-8DD6-4104-A35D-7E2FDA62CDF6}.Debug|Any CPU.ActiveCfg = Debug|iPhoneSimulator
		{E1A471B5-8DD6-4104-A35D-7E2FDA62CDF6}.Debug|Any CPU.Build.0 = Debug|iPhoneSimulator
		{E1A471B5-8DD6-4104-A35D-7E2FDA62CDF6}.Release|Any CPU.ActiveCfg = Release|iPhone
		{E1A471B5-8DD6-4104-A35D-7E2FDA62CDF6}.Release|Any CPU.Build.0 = Release|iPhone
		{E1A471B5-8DD6-4104-A35D-7E2FDA62CDF6}.Debug|iPhoneSimulator.ActiveCfg = Debug|iPhoneSimulator
		{E1A471B5-8DD6-4104-A35D-7E2FDA62CDF6}.Debug|iPhoneSimulator.Build.0 = Debug|iPhoneSimulator
		{E1A471B5-8DD6-4104-A35D-7E2FDA62CDF6}.Release|iPhone.ActiveCfg = Release|iPhone
		{E1A471B5-8DD6-4104-A35D-7E2FDA62CDF6}.Release|iPhone.Build.0 = Release|iPhone
		{E1A471B5-8DD6-4104-A35D-7E2FDA62CDF6}.Release|iPhoneSimulator.ActiveCfg = Release|iPhoneSimulator
		{E1A471B5-8DD6-4104-A35D-7E2FDA62CDF6}.Release|iPhoneSimulator.Build.0 = Release|iPhoneSimulator
		{E1A471B5-8DD6-4104-A35D-7E2FDA62CDF6}.Debug|iPhone.ActiveCfg = Debug|iPhone
		{E1A471B5-8DD6-4104-A35D-7E2FDA62CDF6}.Debug|iPhone.Build.0 = Debug|iPhone
		{0A833913-F4E0-414B-8653-80761BF50CAB}.Debug|Any CPU.ActiveCfg = Debug|Any CPU
		{0A833913-F4E0-414B-8653-80761BF50CAB}.Debug|Any CPU.Build.0 = Debug|Any CPU
		{0A833913-F4E0-414B-8653-80761BF50CAB}.Release|Any CPU.ActiveCfg = Release|Any CPU
		{0A833913-F4E0-414B-8653-80761BF50CAB}.Release|Any CPU.Build.0 = Release|Any CPU
		{0A833913-F4E0-414B-8653-80761BF50CAB}.Debug|iPhoneSimulator.ActiveCfg = Debug|Any CPU
		{0A833913-F4E0-414B-8653-80761BF50CAB}.Debug|iPhoneSimulator.Build.0 = Debug|Any CPU
		{0A833913-F4E0-414B-8653-80761BF50CAB}.Release|iPhone.ActiveCfg = Release|Any CPU
		{0A833913-F4E0-414B-8653-80761BF50CAB}.Release|iPhone.Build.0 = Release|Any CPU
		{0A833913-F4E0-414B-8653-80761BF50CAB}.Release|iPhoneSimulator.ActiveCfg = Release|Any CPU
		{0A833913-F4E0-414B-8653-80761BF50CAB}.Release|iPhoneSimulator.Build.0 = Release|Any CPU
		{0A833913-F4E0-414B-8653-80761BF50CAB}.Debug|iPhone.ActiveCfg = Debug|Any CPU
		{0A833913-F4E0-414B-8653-80761BF50CAB}.Debug|iPhone.Build.0 = Debug|Any CPU
	EndGlobalSection
EndGlobal
